
Microsoft Visual Studio Solution File, Format Version 12.00
# Visual Studio Version 16
VisualStudioVersion = 16.0.29609.76
MinimumVisualStudioVersion = 10.0.40219.1
Project("{9A19103F-16F7-4668-BE54-9A1E7A4F7556}") = "LioArch", "LioArch\LioArch.csproj", "{D72DAF54-6CB3-4999-B6D0-DAD152F3F485}"
EndProject
Project("{FAE04EC0-301F-11D3-BF4B-00C04F79EFBC}") = "Flows", "Flows\Flows.csproj", "{4BBB9A37-19B9-416A-A663-0D597E3143AB}"
EndProject
Global
	GlobalSection(SolutionConfigurationPlatforms) = preSolution
		Debug|Any CPU = Debug|Any CPU
		Release|Any CPU = Release|Any CPU
	EndGlobalSection
	GlobalSection(ProjectConfigurationPlatforms) = postSolution
		{D72DAF54-6CB3-4999-B6D0-DAD152F3F485}.Debug|Any CPU.ActiveCfg = Debug|Any CPU
		{D72DAF54-6CB3-4999-B6D0-DAD152F3F485}.Debug|Any CPU.Build.0 = Debug|Any CPU
		{D72DAF54-6CB3-4999-B6D0-DAD152F3F485}.Release|Any CPU.ActiveCfg = Release|Any CPU
		{D72DAF54-6CB3-4999-B6D0-DAD152F3F485}.Release|Any CPU.Build.0 = Release|Any CPU
		{4BBB9A37-19B9-416A-A663-0D597E3143AB}.Debug|Any CPU.ActiveCfg = Debug|Any CPU
		{4BBB9A37-19B9-416A-A663-0D597E3143AB}.Debug|Any CPU.Build.0 = Debug|Any CPU
		{4BBB9A37-19B9-416A-A663-0D597E3143AB}.Release|Any CPU.ActiveCfg = Release|Any CPU
		{4BBB9A37-19B9-416A-A663-0D597E3143AB}.Release|Any CPU.Build.0 = Release|Any CPU
	EndGlobalSection
	GlobalSection(SolutionProperties) = preSolution
		HideSolutionNode = FALSE
	EndGlobalSection
	GlobalSection(ExtensibilityGlobals) = postSolution
		SolutionGuid = {9B0D91D5-CCFB-4D65-8E16-800368B9E077}
	EndGlobalSection
EndGlobal
